{
    "name": "mcode-log",
    "version": "0.8.5",
    "lockfileVersion": 3,
    "requires": true,
    "packages": {
        "": {
            "name": "mcode-log",
            "version": "0.8.5",
            "license": "MIT",
            "dependencies": {
                "mcode-data": "^0.6.4"
            }
        },
        "node_modules/mcode-data": {
            "version": "0.6.4",
            "resolved": "https://registry.npmjs.org/mcode-data/-/mcode-data-0.6.4.tgz",
            "integrity": "sha512-COHOhq9lZzwKVKcXEYaHYFrBUUgjEx0KYAa/Ex7vFz177JZCdxLkHzlOi7+AtMAqD+wmvn+Jle6ynrVL2/taXw==",
            "license": "MIT"
        }
    }
}
