{
    "name": "mcode-log",
    "version": "0.7.8",
    "lockfileVersion": 3,
    "requires": true,
    "packages": {
        "": {
            "name": "mcode-log",
            "version": "0.7.8",
            "license": "MIT",
            "dependencies": {
                "mcode-data": "^0.6.3"
            }
        },
        "node_modules/mcode-data": {
            "version": "0.6.3",
            "resolved": "https://registry.npmjs.org/mcode-data/-/mcode-data-0.6.3.tgz",
            "integrity": "sha512-ij3YQ0NsU6ariVP49QZNOrY808c/T2pHKQvgZyLsKyAx5UEqX+a4KZuwguZ9THma5mNQ9M2/0s2PBRLFB93+xg==",
            "license": "MIT"
        }
    }
}
